
Microsoft Visual Studio Solution File, Format Version 12.00
# Visual Studio Version 16
VisualStudioVersion = 16.0.30711.63
MinimumVisualStudioVersion = 10.0.40219.1
Project("{FAE04EC0-301F-11D3-BF4B-00C04F79EFBC}") = "TestingComplex", "TestingComplex\TestingComplex.csproj", "{7B5A2EEE-BAAF-4CA9-924E-B9E4F31F7637}"
EndProject
Global
	GlobalSection(SolutionConfigurationPlatforms) = preSolution
		Debug|Any CPU = Debug|Any CPU
		Release|Any CPU = Release|Any CPU
	EndGlobalSection
	GlobalSection(ProjectConfigurationPlatforms) = postSolution
		{7B5A2EEE-BAAF-4CA9-924E-B9E4F31F7637}.Debug|Any CPU.ActiveCfg = Debug|Any CPU
		{7B5A2EEE-BAAF-4CA9-924E-B9E4F31F7637}.Debug|Any CPU.Build.0 = Debug|Any CPU
		{7B5A2EEE-BAAF-4CA9-924E-B9E4F31F7637}.Release|Any CPU.ActiveCfg = Release|Any CPU
		{7B5A2EEE-BAAF-4CA9-924E-B9E4F31F7637}.Release|Any CPU.Build.0 = Release|Any CPU
	EndGlobalSection
	GlobalSection(SolutionProperties) = preSolution
		HideSolutionNode = FALSE
	EndGlobalSection
	GlobalSection(ExtensibilityGlobals) = postSolution
		SolutionGuid = {8A5945A8-CC51-404E-85FD-58DEEAE564DB}
	EndGlobalSection
EndGlobal
